
Microsoft Visual Studio Solution File, Format Version 12.00
# Visual Studio 15
VisualStudioVersion = 15.0.28010.2048
MinimumVisualStudioVersion = 10.0.40219.1
Project("{9A19103F-16F7-4668-BE54-9A1E7A4F7556}") = "ML.SayHello", "ML.SayHello\ML.SayHello.csproj", "{055144A8-63DA-42BF-83B6-21D3FB190DBB}"
EndProject
Project("{FAE04EC0-301F-11D3-BF4B-00C04F79EFBC}") = "ML.SayHello.Test", "ML.SayHello.Test\ML.SayHello.Test.csproj", "{F62FE9A0-3E03-4CA1-B35C-451942830B83}"
EndProject
Global
	GlobalSection(SolutionConfigurationPlatforms) = preSolution
		Debug|Any CPU = Debug|Any CPU
		Release|Any CPU = Release|Any CPU
	EndGlobalSection
	GlobalSection(ProjectConfigurationPlatforms) = postSolution
		{055144A8-63DA-42BF-83B6-21D3FB190DBB}.Debug|Any CPU.ActiveCfg = Debug|Any CPU
		{055144A8-63DA-42BF-83B6-21D3FB190DBB}.Debug|Any CPU.Build.0 = Debug|Any CPU
		{055144A8-63DA-42BF-83B6-21D3FB190DBB}.Release|Any CPU.ActiveCfg = Release|Any CPU
		{055144A8-63DA-42BF-83B6-21D3FB190DBB}.Release|Any CPU.Build.0 = Release|Any CPU
		{F62FE9A0-3E03-4CA1-B35C-451942830B83}.Debug|Any CPU.ActiveCfg = Debug|Any CPU
		{F62FE9A0-3E03-4CA1-B35C-451942830B83}.Debug|Any CPU.Build.0 = Debug|Any CPU
		{F62FE9A0-3E03-4CA1-B35C-451942830B83}.Release|Any CPU.ActiveCfg = Release|Any CPU
		{F62FE9A0-3E03-4CA1-B35C-451942830B83}.Release|Any CPU.Build.0 = Release|Any CPU
	EndGlobalSection
	GlobalSection(SolutionProperties) = preSolution
		HideSolutionNode = FALSE
	EndGlobalSection
	GlobalSection(ExtensibilityGlobals) = postSolution
		SolutionGuid = {D31F4F7A-5E3F-497B-A0DC-091B5F83DDF8}
	EndGlobalSection
EndGlobal
